
Microsoft Visual Studio Solution File, Format Version 12.00
# Visual Studio Version 17
VisualStudioVersion = 17.7.34031.279
MinimumVisualStudioVersion = 10.0.40219.1
Project("{FAE04EC0-301F-11D3-BF4B-00C04F79EFBC}") = "WebApplication1", "WebApplication1\WebApplication1.csproj", "{9B02D8D2-1F7F-44F4-A63D-DA75EFCB0421}"
EndProject
Global
	GlobalSection(SolutionConfigurationPlatforms) = preSolution
		Debug|Any CPU = Debug|Any CPU
		Release|Any CPU = Release|Any CPU
	EndGlobalSection
	GlobalSection(ProjectConfigurationPlatforms) = postSolution
		{9B02D8D2-1F7F-44F4-A63D-DA75EFCB0421}.Debug|Any CPU.ActiveCfg = Debug|Any CPU
		{9B02D8D2-1F7F-44F4-A63D-DA75EFCB0421}.Debug|Any CPU.Build.0 = Debug|Any CPU
		{9B02D8D2-1F7F-44F4-A63D-DA75EFCB0421}.Release|Any CPU.ActiveCfg = Release|Any CPU
		{9B02D8D2-1F7F-44F4-A63D-DA75EFCB0421}.Release|Any CPU.Build.0 = Release|Any CPU
	EndGlobalSection
	GlobalSection(SolutionProperties) = preSolution
		HideSolutionNode = FALSE
	EndGlobalSection
	GlobalSection(ExtensibilityGlobals) = postSolution
		SolutionGuid = {EE80FF49-1B5B-43D5-B86A-FEA1B2E1E7DD}
	EndGlobalSection
EndGlobal
